
Microsoft Visual Studio Solution File, Format Version 12.00
# Visual Studio Version 16
VisualStudioVersion = 16.0.29215.179
MinimumVisualStudioVersion = 10.0.40219.1
Project("{FAE04EC0-301F-11D3-BF4B-00C04F79EFBC}") = "jw537414_MIS4200", "jw537414_MIS4200.csproj", "{BA8FC2D3-B147-4DFE-B50C-1CF8CED51CC5}"
EndProject
Global
	GlobalSection(SolutionConfigurationPlatforms) = preSolution
		Debug|Any CPU = Debug|Any CPU
		Release|Any CPU = Release|Any CPU
	EndGlobalSection
	GlobalSection(ProjectConfigurationPlatforms) = postSolution
		{BA8FC2D3-B147-4DFE-B50C-1CF8CED51CC5}.Debug|Any CPU.ActiveCfg = Debug|Any CPU
		{BA8FC2D3-B147-4DFE-B50C-1CF8CED51CC5}.Debug|Any CPU.Build.0 = Debug|Any CPU
		{BA8FC2D3-B147-4DFE-B50C-1CF8CED51CC5}.Release|Any CPU.ActiveCfg = Release|Any CPU
		{BA8FC2D3-B147-4DFE-B50C-1CF8CED51CC5}.Release|Any CPU.Build.0 = Release|Any CPU
	EndGlobalSection
	GlobalSection(SolutionProperties) = preSolution
		HideSolutionNode = FALSE
	EndGlobalSection
	GlobalSection(ExtensibilityGlobals) = postSolution
		SolutionGuid = {BE26865D-98BC-41B1-9D7F-893F31372F3B}
	EndGlobalSection
EndGlobal
